// !$*UTF8*$!
{
	archiveVersion = 1;
	classes = {
	};
	objectVersion = 46;
	objects = {

/* Begin PBXBuildFile section */
		117B7A3A1A27247300082A3D /* Foundation.framework in Frameworks */ = {isa = PBXBuildFile; fileRef = 117B7A391A27247300082A3D /* Foundation.framework */; };
		117B7A3C1A27247300082A3D /* CoreGraphics.framework in Frameworks */ = {isa = PBXBuildFile; fileRef = 117B7A3B1A27247300082A3D /* CoreGraphics.framework */; };
		117B7A3E1A27247300082A3D /* UIKit.framework in Frameworks */ = {isa = PBXBuildFile; fileRef = 117B7A3D1A27247300082A3D /* UIKit.framework */; };
		117B7A441A27247300082A3D /* InfoPlist.strings in Resources */ = {isa = PBXBuildFile; fileRef = 117B7A421A27247300082A3D /* InfoPlist.strings */; };
		117B7A461A27247300082A3D /* main.m in Sources */ = {isa = PBXBuildFile; fileRef = 117B7A451A27247300082A3D /* main.m */; };
		117B7A4A1A27247300082A3D /* XZZAppDelegate.m in Sources */ = {isa = PBXBuildFile; fileRef = 117B7A491A27247300082A3D /* XZZAppDelegate.m */; };
		117B7A4D1A27247300082A3D /* Main_iPhone.storyboard in Resources */ = {isa = PBXBuildFile; fileRef = 117B7A4B1A27247300082A3D /* Main_iPhone.storyboard */; };
		117B7A501A27247300082A3D /* Main_iPad.storyboard in Resources */ = {isa = PBXBuildFile; fileRef = 117B7A4E1A27247300082A3D /* Main_iPad.storyboard */; };
		117B7A531A27247300082A3D /* XZZViewController.m in Sources */ = {isa = PBXBuildFile; fileRef = 117B7A521A27247300082A3D /* XZZViewController.m */; };
		117B7A551A27247300082A3D /* Images.xcassets in Resources */ = {isa = PBXBuildFile; fileRef = 117B7A541A27247300082A3D /* Images.xcassets */; };
		117B7A5C1A27247300082A3D /* XCTest.framework in Frameworks */ = {isa = PBXBuildFile; fileRef = 117B7A5B1A27247300082A3D /* XCTest.framework */; };
		117B7A5D1A27247300082A3D /* Foundation.framework in Frameworks */ = {isa = PBXBuildFile; fileRef = 117B7A391A27247300082A3D /* Foundation.framework */; };
		117B7A5E1A27247300082A3D /* UIKit.framework in Frameworks */ = {isa = PBXBuildFile; fileRef = 117B7A3D1A27247300082A3D /* UIKit.framework */; };
		117B7A661A27247300082A3D /* InfoPlist.strings in Resources */ = {isa = PBXBuildFile; fileRef = 117B7A641A27247300082A3D /* InfoPlist.strings */; };
		117B7A681A27247300082A3D /* PirateAdventureTests.m in Sources */ = {isa = PBXBuildFile; fileRef = 117B7A671A27247300082A3D /* PirateAdventureTests.m */; };
/* End PBXBuildFile section */

/* Begin PBXContainerItemProxy section */
		117B7A5F1A27247300082A3D /* PBXContainerItemProxy */ = {
			isa = PBXContainerItemProxy;
			containerPortal = 117B7A2E1A27247300082A3D /* Project object */;
			proxyType = 1;
			remoteGlobalIDString = 117B7A351A27247300082A3D;
			remoteInfo = PirateAdventure;
		};
/* End PBXContainerItemProxy section */

/* Begin PBXFileReference section */
		117B7A361A27247300082A3D /* PirateAdventure.app */ = {isa = PBXFileReference; explicitFileType = wrapper.application; includeInIndex = 0; path = PirateAdventure.app; sourceTree = BUILT_PRODUCTS_DIR; };
		117B7A391A27247300082A3D /* Foundation.framework */ = {isa = PBXFileReference; lastKnownFileType = wrapper.framework; name = Foundation.framework; path = System/Library/Frameworks/Foundation.framework; sourceTree = SDKROOT; };
		117B7A3B1A27247300082A3D /* CoreGraphics.framework */ = {isa = PBXFileReference; lastKnownFileType = wrapper.framework; name = CoreGraphics.framework; path = System/Library/Frameworks/CoreGraphics.framework; sourceTree = SDKROOT; };
		117B7A3D1A27247300082A3D /* UIKit.framework */ = {isa = PBXFileReference; lastKnownFileType = wrapper.framework; name = UIKit.framework; path = System/Library/Frameworks/UIKit.framework; sourceTree = SDKROOT; };
		117B7A411A27247300082A3D /* PirateAdventure-Info.plist */ = {isa = PBXFileReference; lastKnownFileType = text.plist.xml; path = "PirateAdventure-Info.plist"; sourceTree = "<group>"; };
		117B7A431A27247300082A3D /* en */ = {isa = PBXFileReference; lastKnownFileType = text.plist.strings; name = en; path = en.lproj/InfoPlist.strings; sourceTree = "<group>"; };
		117B7A451A27247300082A3D /* main.m */ = {isa = PBXFileReference; lastKnownFileType = sourcecode.c.objc; path = main.m; sourceTree = "<group>"; };
		117B7A471A27247300082A3D /* PirateAdventure-Prefix.pch */ = {isa = PBXFileReference; lastKnownFileType = sourcecode.c.h; path = "PirateAdventure-Prefix.pch"; sourceTree = "<group>"; };
		117B7A481A27247300082A3D /* XZZAppDelegate.h */ = {isa = PBXFileReference; lastKnownFileType = sourcecode.c.h; path = XZZAppDelegate.h; sourceTree = "<group>"; };
		117B7A491A27247300082A3D /* XZZAppDelegate.m */ = {isa = PBXFileReference; lastKnownFileType = sourcecode.c.objc; path = XZZAppDelegate.m; sourceTree = "<group>"; };
		117B7A4C1A27247300082A3D /* Base */ = {isa = PBXFileReference; lastKnownFileType = file.storyboard; name = Base; path = Base.lproj/Main_iPhone.storyboard; sourceTree = "<group>"; };
		117B7A4F1A27247300082A3D /* Base */ = {isa = PBXFileReference; lastKnownFileType = file.storyboard; name = Base; path = Base.lproj/Main_iPad.storyboard; sourceTree = "<group>"; };
		117B7A511A27247300082A3D /* XZZViewController.h */ = {isa = PBXFileReference; lastKnownFileType = sourcecode.c.h; path = XZZViewController.h; sourceTree = "<group>"; };
		117B7A521A27247300082A3D /* XZZViewController.m */ = {isa = PBXFileReference; lastKnownFileType = sourcecode.c.objc; path = XZZViewController.m; sourceTree = "<group>"; };
		117B7A541A27247300082A3D /* Images.xcassets */ = {isa = PBXFileReference; lastKnownFileType = folder.assetcatalog; path = Images.xcassets; sourceTree = "<group>"; };
		117B7A5A1A27247300082A3D /* PirateAdventureTests.xctest */ = {isa = PBXFileReference; explicitFileType = wrapper.cfbundle; includeInIndex = 0; path = PirateAdventureTests.xctest; sourceTree = BUILT_PRODUCTS_DIR; };
		117B7A5B1A27247300082A3D /* XCTest.framework */ = {isa = PBXFileReference; lastKnownFileType = wrapper.framework; name = XCTest.framework; path = Library/Frameworks/XCTest.framework; sourceTree = DEVELOPER_DIR; };
		117B7A631A27247300082A3D /* PirateAdventureTests-Info.plist */ = {isa = PBXFileReference; lastKnownFileType = text.plist.xml; path = "PirateAdventureTests-Info.plist"; sourceTree = "<group>"; };
		117B7A651A27247300082A3D /* en */ = {isa = PBXFileReference; lastKnownFileType = text.plist.strings; name = en; path = en.lproj/InfoPlist.strings; sourceTree = "<group>"; };
		117B7A671A27247300082A3D /* PirateAdventureTests.m */ = {isa = PBXFileReference; lastKnownFileType = sourcecode.c.objc; path = PirateAdventureTests.m; sourceTree = "<group>"; };
/* End PBXFileReference section */

/* Begin PBXFrameworksBuildPhase section */
		117B7A331A27247300082A3D /* Frameworks */ = {
			isa = PBXFrameworksBuildPhase;
			buildActionMask = 2147483647;
			files = (
				117B7A3C1A27247300082A3D /* CoreGraphics.framework in Frameworks */,
				117B7A3E1A27247300082A3D /* UIKit.framework in Frameworks */,
				117B7A3A1A27247300082A3D /* Foundation.framework in Frameworks */,
			);
			runOnlyForDeploymentPostprocessing = 0;
		};
		117B7A571A27247300082A3D /* Frameworks */ = {
			isa = PBXFrameworksBuildPhase;
			buildActionMask = 2147483647;
			files = (
				117B7A5C1A27247300082A3D /* XCTest.framework in Frameworks */,
				117B7A5E1A27247300082A3D /* UIKit.framework in Frameworks */,
				117B7A5D1A27247300082A3D /* Foundation.framework in Frameworks */,
			);
			runOnlyForDeploymentPostprocessing = 0;
		};
/* End PBXFrameworksBuildPhase section */

/* Begin PBXGroup section */
		117B7A2D1A27247300082A3D = {
			isa = PBXGroup;
			children = (
				117B7A3F1A27247300082A3D /* PirateAdventure */,
				117B7A611A27247300082A3D /* PirateAdventureTests */,
				117B7A381A27247300082A3D /* Frameworks */,
				117B7A371A27247300082A3D /* Products */,
			);
			sourceTree = "<group>";
		};
		117B7A371A27247300082A3D /* Products */ = {
			isa = PBXGroup;
			children = (
				117B7A361A27247300082A3D /* PirateAdventure.app */,
				117B7A5A1A27247300082A3D /* PirateAdventureTests.xctest */,
			);
			name = Products;
			sourceTree = "<group>";
		};
		117B7A381A27247300082A3D /* Frameworks */ = {
			isa = PBXGroup;
			children = (
				117B7A391A27247300082A3D /* Foundation.framework */,
				117B7A3B1A27247300082A3D /* CoreGraphics.framework */,
				117B7A3D1A27247300082A3D /* UIKit.framework */,
				117B7A5B1A27247300082A3D /* XCTest.framework */,
			);
			name = Frameworks;
			sourceTree = "<group>";
		};
		117B7A3F1A27247300082A3D /* PirateAdventure */ = {
			isa = PBXGroup;
			children = (
				117B7A481A27247300082A3D /* XZZAppDelegate.h */,
				117B7A491A27247300082A3D /* XZZAppDelegate.m */,
				117B7A4B1A27247300082A3D /* Main_iPhone.storyboard */,
				117B7A4E1A27247300082A3D /* Main_iPad.storyboard */,
				117B7A511A27247300082A3D /* XZZViewController.h */,
				117B7A521A27247300082A3D /* XZZViewController.m */,
				117B7A541A27247300082A3D /* Images.xcassets */,
				117B7A401A27247300082A3D /* Supporting Files */,
			);
			path = PirateAdventure;
			sourceTree = "<group>";
		};
		117B7A401A27247300082A3D /* Supporting Files */ = {
			isa = PBXGroup;
			children = (
				117B7A411A27247300082A3D /* PirateAdventure-Info.plist */,
				117B7A421A27247300082A3D /* InfoPlist.strings */,
				117B7A451A27247300082A3D /* main.m */,
				117B7A471A27247300082A3D /* PirateAdventure-Prefix.pch */,
			);
			name = "Supporting Files";
			sourceTree = "<group>";
		};
		117B7A611A27247300082A3D /* PirateAdventureTests */ = {
			isa = PBXGroup;
			children = (
				117B7A671A27247300082A3D /* PirateAdventureTests.m */,
				117B7A621A27247300082A3D /* Supporting Files */,
			);
			path = PirateAdventureTests;
			sourceTree = "<group>";
		};
		117B7A621A27247300082A3D /* Supporting Files */ = {
			isa = PBXGroup;
			children = (
				117B7A631A27247300082A3D /* PirateAdventureTests-Info.plist */,
				117B7A641A27247300082A3D /* InfoPlist.strings */,
			);
			name = "Supporting Files";
			sourceTree = "<group>";
		};
/* End PBXGroup section */

/* Begin PBXNativeTarget section */
		117B7A351A27247300082A3D /* PirateAdventure */ = {
			isa = PBXNativeTarget;
			buildConfigurationList = 117B7A6B1A27247300082A3D /* Build configuration list for PBXNativeTarget "PirateAdventure" */;
			buildPhases = (
				117B7A321A27247300082A3D /* Sources */,
				117B7A331A27247300082A3D /* Frameworks */,
				117B7A341A27247300082A3D /* Resources */,
			);
			buildRules = (
			);
			dependencies = (
			);
			name = PirateAdventure;
			productName = PirateAdventure;
			productReference = 117B7A361A27247300082A3D /* PirateAdventure.app */;
			productType = "com.apple.product-type.application";
		};
		117B7A591A27247300082A3D /* PirateAdventureTests */ = {
			isa = PBXNativeTarget;
			buildConfigurationList = 117B7A6E1A27247300082A3D /* Build configuration list for PBXNativeTarget "PirateAdventureTests" */;
			buildPhases = (
				117B7A561A27247300082A3D /* Sources */,
				117B7A571A27247300082A3D /* Frameworks */,
				117B7A581A27247300082A3D /* Resources */,
			);
			buildRules = (
			);
			dependencies = (
				117B7A601A27247300082A3D /* PBXTargetDependency */,
			);
			name = PirateAdventureTests;
			productName = PirateAdventureTests;
			productReference = 117B7A5A1A27247300082A3D /* PirateAdventureTests.xctest */;
			productType = "com.apple.product-type.bundle.unit-test";
		};
/* End PBXNativeTarget section */

/* Begin PBXProject section */
		117B7A2E1A27247300082A3D /* Project object */ = {
			isa = PBXProject;
			attributes = {
				CLASSPREFIX = XZZ;
				LastUpgradeCheck = 0510;
				ORGANIZATIONNAME = 1st1k;
				TargetAttributes = {
					117B7A591A27247300082A3D = {
						TestTargetID = 117B7A351A27247300082A3D;
					};
				};
			};
			buildConfigurationList = 117B7A311A27247300082A3D /* Build configuration list for PBXProject "PirateAdventure" */;
			compatibilityVersion = "Xcode 3.2";
			developmentRegion = English;
			hasScannedForEncodings = 0;
			knownRegions = (
				en,
				Base,
			);
			mainGroup = 117B7A2D1A27247300082A3D;
			productRefGroup = 117B7A371A27247300082A3D /* Products */;
			projectDirPath = "";
			projectRoot = "";
			targets = (
				117B7A351A27247300082A3D /* PirateAdventure */,
				117B7A591A27247300082A3D /* PirateAdventureTests */,
			);
		};
/* End PBXProject section */

/* Begin PBXResourcesBuildPhase section */
		117B7A341A27247300082A3D /* Resources */ = {
			isa = PBXResourcesBuildPhase;
			buildActionMask = 2147483647;
			files = (
				117B7A501A27247300082A3D /* Main_iPad.storyboard in Resources */,
				117B7A551A27247300082A3D /* Images.xcassets in Resources */,
				117B7A4D1A27247300082A3D /* Main_iPhone.storyboard in Resources */,
				117B7A441A27247300082A3D /* InfoPlist.strings in Resources */,
			);
			runOnlyForDeploymentPostprocessing = 0;
		};
		117B7A581A27247300082A3D /* Resources */ = {
			isa = PBXResourcesBuildPhase;
			buildActionMask = 2147483647;
			files = (
				117B7A661A27247300082A3D /* InfoPlist.strings in Resources */,
			);
			runOnlyForDeploymentPostprocessing = 0;
		};
/* End PBXResourcesBuildPhase section */

/* Begin PBXSourcesBuildPhase section */
		117B7A321A27247300082A3D /* Sources */ = {
			isa = PBXSourcesBuildPhase;
			buildActionMask = 2147483647;
			files = (
				117B7A461A27247300082A3D /* main.m in Sources */,
				117B7A4A1A27247300082A3D /* XZZAppDelegate.m in Sources */,
				117B7A531A27247300082A3D /* XZZViewController.m in Sources */,
			);
			runOnlyForDeploymentPostprocessing = 0;
		};
		117B7A561A27247300082A3D /* Sources */ = {
			isa = PBXSourcesBuildPhase;
			buildActionMask = 2147483647;
			files = (
				117B7A681A27247300082A3D /* PirateAdventureTests.m in Sources */,
			);
			runOnlyForDeploymentPostprocessing = 0;
		};
/* End PBXSourcesBuildPhase section */

/* Begin PBXTargetDependency section */
		117B7A601A27247300082A3D /* PBXTargetDependency */ = {
			isa = PBXTargetDependency;
			target = 117B7A351A27247300082A3D /* PirateAdventure */;
			targetProxy = 117B7A5F1A27247300082A3D /* PBXContainerItemProxy */;
		};
/* End PBXTargetDependency section */

/* Begin PBXVariantGroup section */
		117B7A421A27247300082A3D /* InfoPlist.strings */ = {
			isa = PBXVariantGroup;
			children = (
				117B7A431A27247300082A3D /* en */,
			);
			name = InfoPlist.strings;
			sourceTree = "<group>";
		};
		117B7A4B1A27247300082A3D /* Main_iPhone.storyboard */ = {
			isa = PBXVariantGroup;
			children = (
				117B7A4C1A27247300082A3D /* Base */,
			);
			name = Main_iPhone.storyboard;
			sourceTree = "<group>";
		};
		117B7A4E1A27247300082A3D /* Main_iPad.storyboard */ = {
			isa = PBXVariantGroup;
			children = (
				117B7A4F1A27247300082A3D /* Base */,
			);
			name = Main_iPad.storyboard;
			sourceTree = "<group>";
		};
		117B7A641A27247300082A3D /* InfoPlist.strings */ = {
			isa = PBXVariantGroup;
			children = (
				117B7A651A27247300082A3D /* en */,
			);
			name = InfoPlist.strings;
			sourceTree = "<group>";
		};
/* End PBXVariantGroup section */

/* Begin XCBuildConfiguration section */
		117B7A691A27247300082A3D /* Debug */ = {
			isa = XCBuildConfiguration;
			buildSettings = {
				ALWAYS_SEARCH_USER_PATHS = NO;
				CLANG_CXX_LANGUAGE_STANDARD = "gnu++0x";
				CLANG_CXX_LIBRARY = "libc++";
				CLANG_ENABLE_MODULES = YES;
				CLANG_ENABLE_OBJC_ARC = YES;
				CLANG_WARN_BOOL_CONVERSION = YES;
				CLANG_WARN_CONSTANT_CONVERSION = YES;
				CLANG_WARN_DIRECT_OBJC_ISA_USAGE = YES_ERROR;
				CLANG_WARN_EMPTY_BODY = YES;
				CLANG_WARN_ENUM_CONVERSION = YES;
				CLANG_WARN_INT_CONVERSION = YES;
				CLANG_WARN_OBJC_ROOT_CLASS = YES_ERROR;
				CLANG_WARN__DUPLICATE_METHOD_MATCH = YES;
				"CODE_SIGN_IDENTITY[sdk=iphoneos*]" = "iPhone Developer";
				COPY_PHASE_STRIP = NO;
				GCC_C_LANGUAGE_STANDARD = gnu99;
				GCC_DYNAMIC_NO_PIC = NO;
				GCC_OPTIMIZATION_LEVEL = 0;
				GCC_PREPROCESSOR_DEFINITIONS = (
					"DEBUG=1",
					"$(inherited)",
				);
				GCC_SYMBOLS_PRIVATE_EXTERN = NO;
				GCC_WARN_64_TO_32_BIT_CONVERSION = YES;
				GCC_WARN_ABOUT_RETURN_TYPE = YES_ERROR;
				GCC_WARN_UNDECLARED_SELECTOR = YES;
				GCC_WARN_UNINITIALIZED_AUTOS = YES_AGGRESSIVE;
				GCC_WARN_UNUSED_FUNCTION = YES;
				GCC_WARN_UNUSED_VARIABLE = YES;
				IPHONEOS_DEPLOYMENT_TARGET = 7.1;
				ONLY_ACTIVE_ARCH = YES;
				SDKROOT = iphoneos;
				TARGETED_DEVICE_FAMILY = "1,2";
			};
			name = Debug;
		};
		117B7A6A1A27247300082A3D /* Release */ = {
			isa = XCBuildConfiguration;
			buildSettings = {
				ALWAYS_SEARCH_USER_PATHS = NO;
				CLANG_CXX_LANGUAGE_STANDARD = "gnu++0x";
				CLANG_CXX_LIBRARY = "libc++";
				CLANG_ENABLE_MODULES = YES;
				CLANG_ENABLE_OBJC_ARC = YES;
				CLANG_WARN_BOOL_CONVERSION = YES;
				CLANG_WARN_CONSTANT_CONVERSION = YES;
				CLANG_WARN_DIRECT_OBJC_ISA_USAGE = YES_ERROR;
				CLANG_WARN_EMPTY_BODY = YES;
				CLANG_WARN_ENUM_CONVERSION = YES;
				CLANG_WARN_INT_CONVERSION = YES;
				CLANG_WARN_OBJC_ROOT_CLASS = YES_ERROR;
				CLANG_WARN__DUPLICATE_METHOD_MATCH = YES;
				"CODE_SIGN_IDENTITY[sdk=iphoneos*]" = "iPhone Developer";
				COPY_PHASE_STRIP = YES;
				ENABLE_NS_ASSERTIONS = NO;
				GCC_C_LANGUAGE_STANDARD = gnu99;
				GCC_WARN_64_TO_32_BIT_CONVERSION = YES;
				GCC_WARN_ABOUT_RETURN_TYPE = YES_ERROR;
				GCC_WARN_UNDECLARED_SELECTOR = YES;
				GCC_WARN_UNINITIALIZED_AUTOS = YES_AGGRESSIVE;
				GCC_WARN_UNUSED_FUNCTION = YES;
				GCC_WARN_UNUSED_VARIABLE = YES;
				IPHONEOS_DEPLOYMENT_TARGET = 7.1;
				SDKROOT = iphoneos;
				TARGETED_DEVICE_FAMILY = "1,2";
				VALIDATE_PRODUCT = YES;
			};
			name = Release;
		};
		117B7A6C1A27247300082A3D /* Debug */ = {
			isa = XCBuildConfiguration;
			buildSettings = {
				ASSETCATALOG_COMPILER_APPICON_NAME = AppIcon;
				ASSETCATALOG_COMPILER_LAUNCHIMAGE_NAME = LaunchImage;
				GCC_PRECOMPILE_PREFIX_HEADER = YES;
				GCC_PREFIX_HEADER = "PirateAdventure/PirateAdventure-Prefix.pch";
				INFOPLIST_FILE = "PirateAdventure/PirateAdventure-Info.plist";
				PRODUCT_NAME = "$(TARGET_NAME)";
				WRAPPER_EXTENSION = app;
			};
			name = Debug;
		};
		117B7A6D1A27247300082A3D /* Release */ = {
			isa = XCBuildConfiguration;
			buildSettings = {
				ASSETCATALOG_COMPILER_APPICON_NAME = AppIcon;
				ASSETCATALOG_COMPILER_LAUNCHIMAGE_NAME = LaunchImage;
				GCC_PRECOMPILE_PREFIX_HEADER = YES;
				GCC_PREFIX_HEADER = "PirateAdventure/PirateAdventure-Prefix.pch";
				INFOPLIST_FILE = "PirateAdventure/PirateAdventure-Info.plist";
				PRODUCT_NAME = "$(TARGET_NAME)";
				WRAPPER_EXTENSION = app;
			};
			name = Release;
		};
		117B7A6F1A27247300082A3D /* Debug */ = {
			isa = XCBuildConfiguration;
			buildSettings = {
				BUNDLE_LOADER = "$(BUILT_PRODUCTS_DIR)/PirateAdventure.app/PirateAdventure";
				FRAMEWORK_SEARCH_PATHS = (
					"$(SDKROOT)/Developer/Library/Frameworks",
					"$(inherited)",
					"$(DEVELOPER_FRAMEWORKS_DIR)",
				);
				GCC_PRECOMPILE_PREFIX_HEADER = YES;
				GCC_PREFIX_HEADER = "PirateAdventure/PirateAdventure-Prefix.pch";
				GCC_PREPROCESSOR_DEFINITIONS = (
					"DEBUG=1",
					"$(inherited)",
				);
				INFOPLIST_FILE = "PirateAdventureTests/PirateAdventureTests-Info.plist";
				PRODUCT_NAME = "$(TARGET_NAME)";
				TEST_HOST = "$(BUNDLE_LOADER)";
				WRAPPER_EXTENSION = xctest;
			};
			name = Debug;
		};
		117B7A701A27247300082A3D /* Release */ = {
			isa = XCBuildConfiguration;
			buildSettings = {
				BUNDLE_LOADER = "$(BUILT_PRODUCTS_DIR)/PirateAdventure.app/PirateAdventure";
				FRAMEWORK_SEARCH_PATHS = (
					"$(SDKROOT)/Developer/Library/Frameworks",
					"$(inherited)",
					"$(DEVELOPER_FRAMEWORKS_DIR)",
				);
				GCC_PRECOMPILE_PREFIX_HEADER = YES;
				GCC_PREFIX_HEADER = "PirateAdventure/PirateAdventure-Prefix.pch";
				INFOPLIST_FILE = "PirateAdventureTests/PirateAdventureTests-Info.plist";
				PRODUCT_NAME = "$(TARGET_NAME)";
				TEST_HOST = "$(BUNDLE_LOADER)";
				WRAPPER_EXTENSION = xctest;
			};
			name = Release;
		};
/* End XCBuildConfiguration section */

/* Begin XCConfigurationList section */
		117B7A311A27247300082A3D /* Build configuration list for PBXProject "PirateAdventure" */ = {
			isa = XCConfigurationList;
			buildConfigurations = (
				117B7A691A27247300082A3D /* Debug */,
				117B7A6A1A27247300082A3D /* Release */,
			);
			defaultConfigurationIsVisible = 0;
			defaultConfigurationName = Release;
		};
		117B7A6B1A27247300082A3D /* Build configuration list for PBXNativeTarget "PirateAdventure" */ = {
			isa = XCConfigurationList;
			buildConfigurations = (
				117B7A6C1A27247300082A3D /* Debug */,
				117B7A6D1A27247300082A3D /* Release */,
			);
			defaultConfigurationIsVisible = 0;
		};
		117B7A6E1A27247300082A3D /* Build configuration list for PBXNativeTarget "PirateAdventureTests" */ = {
			isa = XCConfigurationList;
			buildConfigurations = (
				117B7A6F1A27247300082A3D /* Debug */,
				117B7A701A27247300082A3D /* Release */,
			);
			defaultConfigurationIsVisible = 0;
		};
/* End XCConfigurationList section */
	};
	rootObject = 117B7A2E1A27247300082A3D /* Project object */;
}
